// !$*UTF8*$!
{
	archiveVersion = 1;
	classes = {
	};
	objectVersion = 46;
	objects = {

/* Begin PBXBuildFile section */
		7E28F1221D80B191007C0263 /* AppDelegate.swift in Sources */ = {isa = PBXBuildFile; fileRef = 7E28F1211D80B191007C0263 /* AppDelegate.swift */; };
		7E28F1371D80B191007C0263 /* HeyouDemoTests.swift in Sources */ = {isa = PBXBuildFile; fileRef = 7E28F1361D80B191007C0263 /* HeyouDemoTests.swift */; };
		7E28F1421D80B191007C0263 /* HeyouDemoUITests.swift in Sources */ = {isa = PBXBuildFile; fileRef = 7E28F1411D80B191007C0263 /* HeyouDemoUITests.swift */; };
		7E28F1501D80B1C2007C0263 /* ViewController.swift in Sources */ = {isa = PBXBuildFile; fileRef = 7E28F14F1D80B1C2007C0263 /* ViewController.swift */; };
		7E28F1641D80B280007C0263 /* Images.xcassets in Resources */ = {isa = PBXBuildFile; fileRef = 7E28F1631D80B280007C0263 /* Images.xcassets */; };
		7E28F1661D80B29A007C0263 /* Main.storyboard in Resources */ = {isa = PBXBuildFile; fileRef = 7E28F1651D80B29A007C0263 /* Main.storyboard */; };
		7E28F1681D80B300007C0263 /* Launch Screen.storyboard in Resources */ = {isa = PBXBuildFile; fileRef = 7E28F1671D80B300007C0263 /* Launch Screen.storyboard */; };
		7E8307E31F54B5EE00AA3C06 /* Heyou.framework in Frameworks */ = {isa = PBXBuildFile; fileRef = 7EEECCB31F54B27100BCA9FB /* Heyou.framework */; };
		7E8307E41F54B5EE00AA3C06 /* Heyou.framework in Embed Frameworks */ = {isa = PBXBuildFile; fileRef = 7EEECCB31F54B27100BCA9FB /* Heyou.framework */; settings = {ATTRIBUTES = (CodeSignOnCopy, RemoveHeadersOnCopy, ); }; };
/* End PBXBuildFile section */

/* Begin PBXContainerItemProxy section */
		7E28F1331D80B191007C0263 /* PBXContainerItemProxy */ = {
			isa = PBXContainerItemProxy;
			containerPortal = 7E28F1161D80B191007C0263 /* Project object */;
			proxyType = 1;
			remoteGlobalIDString = 7E28F11D1D80B191007C0263;
			remoteInfo = HeyouDemo;
		};
		7E28F13E1D80B191007C0263 /* PBXContainerItemProxy */ = {
			isa = PBXContainerItemProxy;
			containerPortal = 7E28F1161D80B191007C0263 /* Project object */;
			proxyType = 1;
			remoteGlobalIDString = 7E28F11D1D80B191007C0263;
			remoteInfo = HeyouDemo;
		};
		7E8307E11F54B5E000AA3C06 /* PBXContainerItemProxy */ = {
			isa = PBXContainerItemProxy;
			containerPortal = 7EEECCAD1F54B27100BCA9FB /* Heyou.xcodeproj */;
			proxyType = 1;
			remoteGlobalIDString = 7EACBAD41F54AF7A00570F91;
			remoteInfo = Heyou;
		};
		7E8307E51F54B5EE00AA3C06 /* PBXContainerItemProxy */ = {
			isa = PBXContainerItemProxy;
			containerPortal = 7EEECCAD1F54B27100BCA9FB /* Heyou.xcodeproj */;
			proxyType = 1;
			remoteGlobalIDString = 7EACBAD41F54AF7A00570F91;
			remoteInfo = Heyou;
		};
		7EEECCB21F54B27100BCA9FB /* PBXContainerItemProxy */ = {
			isa = PBXContainerItemProxy;
			containerPortal = 7EEECCAD1F54B27100BCA9FB /* Heyou.xcodeproj */;
			proxyType = 2;
			remoteGlobalIDString = 7EACBAD51F54AF7A00570F91;
			remoteInfo = Heyou;
		};
		7EEECCB41F54B27100BCA9FB /* PBXContainerItemProxy */ = {
			isa = PBXContainerItemProxy;
			containerPortal = 7EEECCAD1F54B27100BCA9FB /* Heyou.xcodeproj */;
			proxyType = 2;
			remoteGlobalIDString = 7EACBADE1F54AF7A00570F91;
			remoteInfo = HeyouTests;
		};
/* End PBXContainerItemProxy section */

/* Begin PBXCopyFilesBuildPhase section */
		7E8307E71F54B5EE00AA3C06 /* Embed Frameworks */ = {
			isa = PBXCopyFilesBuildPhase;
			buildActionMask = 2147483647;
			dstPath = "";
			dstSubfolderSpec = 10;
			files = (
				7E8307E41F54B5EE00AA3C06 /* Heyou.framework in Embed Frameworks */,
			);
			name = "Embed Frameworks";
			runOnlyForDeploymentPostprocessing = 0;
		};
/* End PBXCopyFilesBuildPhase section */

/* Begin PBXFileReference section */
		7E28F11E1D80B191007C0263 /* HeyouDemo.app */ = {isa = PBXFileReference; explicitFileType = wrapper.application; includeInIndex = 0; path = HeyouDemo.app; sourceTree = BUILT_PRODUCTS_DIR; };
		7E28F1211D80B191007C0263 /* AppDelegate.swift */ = {isa = PBXFileReference; lastKnownFileType = sourcecode.swift; path = AppDelegate.swift; sourceTree = "<group>"; };
		7E28F12D1D80B191007C0263 /* Info.plist */ = {isa = PBXFileReference; lastKnownFileType = text.plist.xml; path = Info.plist; sourceTree = "<group>"; };
		7E28F1321D80B191007C0263 /* HeyouDemoTests.xctest */ = {isa = PBXFileReference; explicitFileType = wrapper.cfbundle; includeInIndex = 0; path = HeyouDemoTests.xctest; sourceTree = BUILT_PRODUCTS_DIR; };
		7E28F1361D80B191007C0263 /* HeyouDemoTests.swift */ = {isa = PBXFileReference; lastKnownFileType = sourcecode.swift; path = HeyouDemoTests.swift; sourceTree = "<group>"; };
		7E28F1381D80B191007C0263 /* Info.plist */ = {isa = PBXFileReference; lastKnownFileType = text.plist.xml; path = Info.plist; sourceTree = "<group>"; };
		7E28F13D1D80B191007C0263 /* HeyouDemoUITests.xctest */ = {isa = PBXFileReference; explicitFileType = wrapper.cfbundle; includeInIndex = 0; path = HeyouDemoUITests.xctest; sourceTree = BUILT_PRODUCTS_DIR; };
		7E28F1411D80B191007C0263 /* HeyouDemoUITests.swift */ = {isa = PBXFileReference; lastKnownFileType = sourcecode.swift; path = HeyouDemoUITests.swift; sourceTree = "<group>"; };
		7E28F1431D80B191007C0263 /* Info.plist */ = {isa = PBXFileReference; lastKnownFileType = text.plist.xml; path = Info.plist; sourceTree = "<group>"; };
		7E28F14F1D80B1C2007C0263 /* ViewController.swift */ = {isa = PBXFileReference; fileEncoding = 4; lastKnownFileType = sourcecode.swift; path = ViewController.swift; sourceTree = "<group>"; };
		7E28F1631D80B280007C0263 /* Images.xcassets */ = {isa = PBXFileReference; lastKnownFileType = folder.assetcatalog; path = Images.xcassets; sourceTree = "<group>"; };
		7E28F1651D80B29A007C0263 /* Main.storyboard */ = {isa = PBXFileReference; fileEncoding = 4; lastKnownFileType = file.storyboard; path = Main.storyboard; sourceTree = "<group>"; };
		7E28F1671D80B300007C0263 /* Launch Screen.storyboard */ = {isa = PBXFileReference; fileEncoding = 4; lastKnownFileType = file.storyboard; path = "Launch Screen.storyboard"; sourceTree = "<group>"; };
		7EEECCAD1F54B27100BCA9FB /* Heyou.xcodeproj */ = {isa = PBXFileReference; lastKnownFileType = "wrapper.pb-project"; name = Heyou.xcodeproj; path = ../Heyou.xcodeproj; sourceTree = "<group>"; };
/* End PBXFileReference section */

/* Begin PBXFrameworksBuildPhase section */
		7E28F11B1D80B191007C0263 /* Frameworks */ = {
			isa = PBXFrameworksBuildPhase;
			buildActionMask = 2147483647;
			files = (
				7E8307E31F54B5EE00AA3C06 /* Heyou.framework in Frameworks */,
			);
			runOnlyForDeploymentPostprocessing = 0;
		};
		7E28F12F1D80B191007C0263 /* Frameworks */ = {
			isa = PBXFrameworksBuildPhase;
			buildActionMask = 2147483647;
			files = (
			);
			runOnlyForDeploymentPostprocessing = 0;
		};
		7E28F13A1D80B191007C0263 /* Frameworks */ = {
			isa = PBXFrameworksBuildPhase;
			buildActionMask = 2147483647;
			files = (
			);
			runOnlyForDeploymentPostprocessing = 0;
		};
/* End PBXFrameworksBuildPhase section */

/* Begin PBXGroup section */
		7E28F1151D80B191007C0263 = {
			isa = PBXGroup;
			children = (
				7E28F1201D80B191007C0263 /* HeyouDemo */,
				7E28F1351D80B191007C0263 /* HeyouDemoTests */,
				7E28F1401D80B191007C0263 /* HeyouDemoUITests */,
				7E28F11F1D80B191007C0263 /* Products */,
				7EEECCAD1F54B27100BCA9FB /* Heyou.xcodeproj */,
				7E8307DD1F54B57C00AA3C06 /* Frameworks */,
			);
			sourceTree = "<group>";
		};
		7E28F11F1D80B191007C0263 /* Products */ = {
			isa = PBXGroup;
			children = (
				7E28F11E1D80B191007C0263 /* HeyouDemo.app */,
				7E28F1321D80B191007C0263 /* HeyouDemoTests.xctest */,
				7E28F13D1D80B191007C0263 /* HeyouDemoUITests.xctest */,
			);
			name = Products;
			sourceTree = "<group>";
		};
		7E28F1201D80B191007C0263 /* HeyouDemo */ = {
			isa = PBXGroup;
			children = (
				7E28F1211D80B191007C0263 /* AppDelegate.swift */,
				7E28F14F1D80B1C2007C0263 /* ViewController.swift */,
				7E28F1651D80B29A007C0263 /* Main.storyboard */,
				7E28F1671D80B300007C0263 /* Launch Screen.storyboard */,
				7E28F12D1D80B191007C0263 /* Info.plist */,
				7E28F1631D80B280007C0263 /* Images.xcassets */,
			);
			path = HeyouDemo;
			sourceTree = "<group>";
		};
		7E28F1351D80B191007C0263 /* HeyouDemoTests */ = {
			isa = PBXGroup;
			children = (
				7E28F1361D80B191007C0263 /* HeyouDemoTests.swift */,
				7E28F1381D80B191007C0263 /* Info.plist */,
			);
			path = HeyouDemoTests;
			sourceTree = "<group>";
		};
		7E28F1401D80B191007C0263 /* HeyouDemoUITests */ = {
			isa = PBXGroup;
			children = (
				7E28F1411D80B191007C0263 /* HeyouDemoUITests.swift */,
				7E28F1431D80B191007C0263 /* Info.plist */,
			);
			path = HeyouDemoUITests;
			sourceTree = "<group>";
		};
		7E8307DD1F54B57C00AA3C06 /* Frameworks */ = {
			isa = PBXGroup;
			children = (
			);
			name = Frameworks;
			sourceTree = "<group>";
		};
		7EEECCAE1F54B27100BCA9FB /* Products */ = {
			isa = PBXGroup;
			children = (
				7EEECCB31F54B27100BCA9FB /* Heyou.framework */,
				7EEECCB51F54B27100BCA9FB /* HeyouTests.xctest */,
			);
			name = Products;
			sourceTree = "<group>";
		};
/* End PBXGroup section */

/* Begin PBXNativeTarget section */
		7E28F11D1D80B191007C0263 /* HeyouDemo */ = {
			isa = PBXNativeTarget;
			buildConfigurationList = 7E28F1461D80B191007C0263 /* Build configuration list for PBXNativeTarget "HeyouDemo" */;
			buildPhases = (
				7E28F11A1D80B191007C0263 /* Sources */,
				7E28F11B1D80B191007C0263 /* Frameworks */,
				7E28F11C1D80B191007C0263 /* Resources */,
				7E8307E71F54B5EE00AA3C06 /* Embed Frameworks */,
			);
			buildRules = (
			);
			dependencies = (
				7E8307E21F54B5E000AA3C06 /* PBXTargetDependency */,
				7E8307E61F54B5EE00AA3C06 /* PBXTargetDependency */,
			);
			name = HeyouDemo;
			productName = HeyouDemo;
			productReference = 7E28F11E1D80B191007C0263 /* HeyouDemo.app */;
			productType = "com.apple.product-type.application";
		};
		7E28F1311D80B191007C0263 /* HeyouDemoTests */ = {
			isa = PBXNativeTarget;
			buildConfigurationList = 7E28F1491D80B191007C0263 /* Build configuration list for PBXNativeTarget "HeyouDemoTests" */;
			buildPhases = (
				7E28F12E1D80B191007C0263 /* Sources */,
				7E28F12F1D80B191007C0263 /* Frameworks */,
				7E28F1301D80B191007C0263 /* Resources */,
			);
			buildRules = (
			);
			dependencies = (
				7E28F1341D80B191007C0263 /* PBXTargetDependency */,
			);
			name = HeyouDemoTests;
			productName = HeyouDemoTests;
			productReference = 7E28F1321D80B191007C0263 /* HeyouDemoTests.xctest */;
			productType = "com.apple.product-type.bundle.unit-test";
		};
		7E28F13C1D80B191007C0263 /* HeyouDemoUITests */ = {
			isa = PBXNativeTarget;
			buildConfigurationList = 7E28F14C1D80B191007C0263 /* Build configuration list for PBXNativeTarget "HeyouDemoUITests" */;
			buildPhases = (
				7E28F1391D80B191007C0263 /* Sources */,
				7E28F13A1D80B191007C0263 /* Frameworks */,
				7E28F13B1D80B191007C0263 /* Resources */,
			);
			buildRules = (
			);
			dependencies = (
				7E28F13F1D80B191007C0263 /* PBXTargetDependency */,
			);
			name = HeyouDemoUITests;
			productName = HeyouDemoUITests;
			productReference = 7E28F13D1D80B191007C0263 /* HeyouDemoUITests.xctest */;
			productType = "com.apple.product-type.bundle.ui-testing";
		};
/* End PBXNativeTarget section */

/* Begin PBXProject section */
		7E28F1161D80B191007C0263 /* Project object */ = {
			isa = PBXProject;
			attributes = {
				LastSwiftUpdateCheck = 0730;
				LastUpgradeCheck = 0900;
				ORGANIZATIONNAME = eToledoM;
				TargetAttributes = {
					7E28F11D1D80B191007C0263 = {
						CreatedOnToolsVersion = 7.3.1;
						DevelopmentTeam = H7ACPCTGA5;
						LastSwiftMigration = 0900;
					};
					7E28F1311D80B191007C0263 = {
						CreatedOnToolsVersion = 7.3.1;
						LastSwiftMigration = 0900;
						TestTargetID = 7E28F11D1D80B191007C0263;
					};
					7E28F13C1D80B191007C0263 = {
						CreatedOnToolsVersion = 7.3.1;
						LastSwiftMigration = 0900;
						TestTargetID = 7E28F11D1D80B191007C0263;
					};
				};
			};
			buildConfigurationList = 7E28F1191D80B191007C0263 /* Build configuration list for PBXProject "HeyouDemo" */;
			compatibilityVersion = "Xcode 3.2";
			developmentRegion = English;
			hasScannedForEncodings = 0;
			knownRegions = (
				en,
				Base,
			);
			mainGroup = 7E28F1151D80B191007C0263;
			productRefGroup = 7E28F11F1D80B191007C0263 /* Products */;
			projectDirPath = "";
			projectReferences = (
				{
					ProductGroup = 7EEECCAE1F54B27100BCA9FB /* Products */;
					ProjectRef = 7EEECCAD1F54B27100BCA9FB /* Heyou.xcodeproj */;
				},
			);
			projectRoot = "";
			targets = (
				7E28F11D1D80B191007C0263 /* HeyouDemo */,
				7E28F1311D80B191007C0263 /* HeyouDemoTests */,
				7E28F13C1D80B191007C0263 /* HeyouDemoUITests */,
			);
		};
/* End PBXProject section */

/* Begin PBXReferenceProxy section */
		7EEECCB31F54B27100BCA9FB /* Heyou.framework */ = {
			isa = PBXReferenceProxy;
			fileType = wrapper.framework;
			path = Heyou.framework;
			remoteRef = 7EEECCB21F54B27100BCA9FB /* PBXContainerItemProxy */;
			sourceTree = BUILT_PRODUCTS_DIR;
		};
		7EEECCB51F54B27100BCA9FB /* HeyouTests.xctest */ = {
			isa = PBXReferenceProxy;
			fileType = wrapper.cfbundle;
			path = HeyouTests.xctest;
			remoteRef = 7EEECCB41F54B27100BCA9FB /* PBXContainerItemProxy */;
			sourceTree = BUILT_PRODUCTS_DIR;
		};
/* End PBXReferenceProxy section */

/* Begin PBXResourcesBuildPhase section */
		7E28F11C1D80B191007C0263 /* Resources */ = {
			isa = PBXResourcesBuildPhase;
			buildActionMask = 2147483647;
			files = (
				7E28F1681D80B300007C0263 /* Launch Screen.storyboard in Resources */,
				7E28F1661D80B29A007C0263 /* Main.storyboard in Resources */,
				7E28F1641D80B280007C0263 /* Images.xcassets in Resources */,
			);
			runOnlyForDeploymentPostprocessing = 0;
		};
		7E28F1301D80B191007C0263 /* Resources */ = {
			isa = PBXResourcesBuildPhase;
			buildActionMask = 2147483647;
			files = (
			);
			runOnlyForDeploymentPostprocessing = 0;
		};
		7E28F13B1D80B191007C0263 /* Resources */ = {
			isa = PBXResourcesBuildPhase;
			buildActionMask = 2147483647;
			files = (
			);
			runOnlyForDeploymentPostprocessing = 0;
		};
/* End PBXResourcesBuildPhase section */

/* Begin PBXSourcesBuildPhase section */
		7E28F11A1D80B191007C0263 /* Sources */ = {
			isa = PBXSourcesBuildPhase;
			buildActionMask = 2147483647;
			files = (
				7E28F1501D80B1C2007C0263 /* ViewController.swift in Sources */,
				7E28F1221D80B191007C0263 /* AppDelegate.swift in Sources */,
			);
			runOnlyForDeploymentPostprocessing = 0;
		};
		7E28F12E1D80B191007C0263 /* Sources */ = {
			isa = PBXSourcesBuildPhase;
			buildActionMask = 2147483647;
			files = (
				7E28F1371D80B191007C0263 /* HeyouDemoTests.swift in Sources */,
			);
			runOnlyForDeploymentPostprocessing = 0;
		};
		7E28F1391D80B191007C0263 /* Sources */ = {
			isa = PBXSourcesBuildPhase;
			buildActionMask = 2147483647;
			files = (
				7E28F1421D80B191007C0263 /* HeyouDemoUITests.swift in Sources */,
			);
			runOnlyForDeploymentPostprocessing = 0;
		};
/* End PBXSourcesBuildPhase section */

/* Begin PBXTargetDependency section */
		7E28F1341D80B191007C0263 /* PBXTargetDependency */ = {
			isa = PBXTargetDependency;
			target = 7E28F11D1D80B191007C0263 /* HeyouDemo */;
			targetProxy = 7E28F1331D80B191007C0263 /* PBXContainerItemProxy */;
		};
		7E28F13F1D80B191007C0263 /* PBXTargetDependency */ = {
			isa = PBXTargetDependency;
			target = 7E28F11D1D80B191007C0263 /* HeyouDemo */;
			targetProxy = 7E28F13E1D80B191007C0263 /* PBXContainerItemProxy */;
		};
		7E8307E21F54B5E000AA3C06 /* PBXTargetDependency */ = {
			isa = PBXTargetDependency;
			name = Heyou;
			targetProxy = 7E8307E11F54B5E000AA3C06 /* PBXContainerItemProxy */;
		};
		7E8307E61F54B5EE00AA3C06 /* PBXTargetDependency */ = {
			isa = PBXTargetDependency;
			name = Heyou;
			targetProxy = 7E8307E51F54B5EE00AA3C06 /* PBXContainerItemProxy */;
		};
/* End PBXTargetDependency section */

/* Begin XCBuildConfiguration section */
		7E28F1441D80B191007C0263 /* Debug */ = {
			isa = XCBuildConfiguration;
			buildSettings = {
				ALWAYS_SEARCH_USER_PATHS = NO;
				CLANG_ANALYZER_NONNULL = YES;
				CLANG_CXX_LANGUAGE_STANDARD = "gnu++0x";
				CLANG_CXX_LIBRARY = "libc++";
				CLANG_ENABLE_MODULES = YES;
				CLANG_ENABLE_OBJC_ARC = YES;
				CLANG_WARN_BLOCK_CAPTURE_AUTORELEASING = YES;
				CLANG_WARN_BOOL_CONVERSION = YES;
				CLANG_WARN_COMMA = YES;
				CLANG_WARN_CONSTANT_CONVERSION = YES;
				CLANG_WARN_DIRECT_OBJC_ISA_USAGE = YES_ERROR;
				CLANG_WARN_EMPTY_BODY = YES;
				CLANG_WARN_ENUM_CONVERSION = YES;
				CLANG_WARN_INFINITE_RECURSION = YES;
				CLANG_WARN_INT_CONVERSION = YES;
				CLANG_WARN_NON_LITERAL_NULL_CONVERSION = YES;
				CLANG_WARN_OBJC_LITERAL_CONVERSION = YES;
				CLANG_WARN_OBJC_ROOT_CLASS = YES_ERROR;
				CLANG_WARN_RANGE_LOOP_ANALYSIS = YES;
				CLANG_WARN_STRICT_PROTOTYPES = YES;
				CLANG_WARN_SUSPICIOUS_MOVE = YES;
				CLANG_WARN_UNREACHABLE_CODE = YES;
				CLANG_WARN__DUPLICATE_METHOD_MATCH = YES;
				"CODE_SIGN_IDENTITY[sdk=iphoneos*]" = "iPhone Developer";
				COPY_PHASE_STRIP = NO;
				DEBUG_INFORMATION_FORMAT = dwarf;
				ENABLE_STRICT_OBJC_MSGSEND = YES;
				ENABLE_TESTABILITY = YES;
				GCC_C_LANGUAGE_STANDARD = gnu99;
				GCC_DYNAMIC_NO_PIC = NO;
				GCC_NO_COMMON_BLOCKS = YES;
				GCC_OPTIMIZATION_LEVEL = 0;
				GCC_PREPROCESSOR_DEFINITIONS = (
					"DEBUG=1",
					"$(inherited)",
				);
				GCC_WARN_64_TO_32_BIT_CONVERSION = YES;
				GCC_WARN_ABOUT_RETURN_TYPE = YES_ERROR;
				GCC_WARN_UNDECLARED_SELECTOR = YES;
				GCC_WARN_UNINITIALIZED_AUTOS = YES_AGGRESSIVE;
				GCC_WARN_UNUSED_FUNCTION = YES;
				GCC_WARN_UNUSED_VARIABLE = YES;
				IPHONEOS_DEPLOYMENT_TARGET = 9.3;
				MTL_ENABLE_DEBUG_INFO = YES;
				ONLY_ACTIVE_ARCH = YES;
				SDKROOT = iphoneos;
				SWIFT_OPTIMIZATION_LEVEL = "-Onone";
				TARGETED_DEVICE_FAMILY = "1,2";
			};
			name = Debug;
		};
		7E28F1451D80B191007C0263 /* Release */ = {
			isa = XCBuildConfiguration;
			buildSettings = {
				ALWAYS_SEARCH_USER_PATHS = NO;
				CLANG_ANALYZER_NONNULL = YES;
				CLANG_CXX_LANGUAGE_STANDARD = "gnu++0x";
				CLANG_CXX_LIBRARY = "libc++";
				CLANG_ENABLE_MODULES = YES;
				CLANG_ENABLE_OBJC_ARC = YES;
				CLANG_WARN_BLOCK_CAPTURE_AUTORELEASING = YES;
				CLANG_WARN_BOOL_CONVERSION = YES;
				CLANG_WARN_COMMA = YES;
				CLANG_WARN_CONSTANT_CONVERSION = YES;
				CLANG_WARN_DIRECT_OBJC_ISA_USAGE = YES_ERROR;
				CLANG_WARN_EMPTY_BODY = YES;
				CLANG_WARN_ENUM_CONVERSION = YES;
				CLANG_WARN_INFINITE_RECURSION = YES;
				CLANG_WARN_INT_CONVERSION = YES;
				CLANG_WARN_NON_LITERAL_NULL_CONVERSION = YES;
				CLANG_WARN_OBJC_LITERAL_CONVERSION = YES;
				CLANG_WARN_OBJC_ROOT_CLASS = YES_ERROR;
				CLANG_WARN_RANGE_LOOP_ANALYSIS = YES;
				CLANG_WARN_STRICT_PROTOTYPES = YES;
				CLANG_WARN_SUSPICIOUS_MOVE = YES;
				CLANG_WARN_UNREACHABLE_CODE = YES;
				CLANG_WARN__DUPLICATE_METHOD_MATCH = YES;
				"CODE_SIGN_IDENTITY[sdk=iphoneos*]" = "iPhone Developer";
				COPY_PHASE_STRIP = NO;
				DEBUG_INFORMATION_FORMAT = "dwarf-with-dsym";
				ENABLE_NS_ASSERTIONS = NO;
				ENABLE_STRICT_OBJC_MSGSEND = YES;
				GCC_C_LANGUAGE_STANDARD = gnu99;
				GCC_NO_COMMON_BLOCKS = YES;
				GCC_WARN_64_TO_32_BIT_CONVERSION = YES;
				GCC_WARN_ABOUT_RETURN_TYPE = YES_ERROR;
				GCC_WARN_UNDECLARED_SELECTOR = YES;
				GCC_WARN_UNINITIALIZED_AUTOS = YES_AGGRESSIVE;
				GCC_WARN_UNUSED_FUNCTION = YES;
				GCC_WARN_UNUSED_VARIABLE = YES;
				IPHONEOS_DEPLOYMENT_TARGET = 9.3;
				MTL_ENABLE_DEBUG_INFO = NO;
				SDKROOT = iphoneos;
				SWIFT_OPTIMIZATION_LEVEL = "-Owholemodule";
				TARGETED_DEVICE_FAMILY = "1,2";
				VALIDATE_PRODUCT = YES;
			};
			name = Release;
		};
		7E28F1471D80B191007C0263 /* Debug */ = {
			isa = XCBuildConfiguration;
			buildSettings = {
				ALWAYS_EMBED_SWIFT_STANDARD_LIBRARIES = YES;
				ASSETCATALOG_COMPILER_APPICON_NAME = AppIcon;
				DEVELOPMENT_TEAM = H7ACPCTGA5;
				INFOPLIST_FILE = HeyouDemo/Info.plist;
				IPHONEOS_DEPLOYMENT_TARGET = 9.0;
				LD_RUNPATH_SEARCH_PATHS = "$(inherited) @executable_path/Frameworks";
				PRODUCT_BUNDLE_IDENTIFIER = com.etoledom.HeyouDemo;
				PRODUCT_NAME = "$(TARGET_NAME)";
				SWIFT_SWIFT3_OBJC_INFERENCE = Off;
				SWIFT_VERSION = 4.0;
			};
			name = Debug;
		};
		7E28F1481D80B191007C0263 /* Release */ = {
			isa = XCBuildConfiguration;
			buildSettings = {
				ALWAYS_EMBED_SWIFT_STANDARD_LIBRARIES = YES;
				ASSETCATALOG_COMPILER_APPICON_NAME = AppIcon;
				DEVELOPMENT_TEAM = H7ACPCTGA5;
				INFOPLIST_FILE = HeyouDemo/Info.plist;
				IPHONEOS_DEPLOYMENT_TARGET = 9.0;
				LD_RUNPATH_SEARCH_PATHS = "$(inherited) @executable_path/Frameworks";
				PRODUCT_BUNDLE_IDENTIFIER = com.etoledom.HeyouDemo;
				PRODUCT_NAME = "$(TARGET_NAME)";
				SWIFT_SWIFT3_OBJC_INFERENCE = Off;
				SWIFT_VERSION = 4.0;
			};
			name = Release;
		};
		7E28F14A1D80B191007C0263 /* Debug */ = {
			isa = XCBuildConfiguration;
			buildSettings = {
				BUNDLE_LOADER = "$(TEST_HOST)";
				INFOPLIST_FILE = HeyouDemoTests/Info.plist;
				LD_RUNPATH_SEARCH_PATHS = "$(inherited) @executable_path/Frameworks @loader_path/Frameworks";
				PRODUCT_BUNDLE_IDENTIFIER = com.etoledom.HeyouDemoTests;
				PRODUCT_NAME = "$(TARGET_NAME)";
				SWIFT_SWIFT3_OBJC_INFERENCE = Off;
				SWIFT_VERSION = 4.0;
				TEST_HOST = "$(BUILT_PRODUCTS_DIR)/HeyouDemo.app/HeyouDemo";
			};
			name = Debug;
		};
		7E28F14B1D80B191007C0263 /* Release */ = {
			isa = XCBuildConfiguration;
			buildSettings = {
				BUNDLE_LOADER = "$(TEST_HOST)";
				INFOPLIST_FILE = HeyouDemoTests/Info.plist;
				LD_RUNPATH_SEARCH_PATHS = "$(inherited) @executable_path/Frameworks @loader_path/Frameworks";
				PRODUCT_BUNDLE_IDENTIFIER = com.etoledom.HeyouDemoTests;
				PRODUCT_NAME = "$(TARGET_NAME)";
				SWIFT_SWIFT3_OBJC_INFERENCE = Off;
				SWIFT_VERSION = 4.0;
				TEST_HOST = "$(BUILT_PRODUCTS_DIR)/HeyouDemo.app/HeyouDemo";
			};
			name = Release;
		};
		7E28F14D1D80B191007C0263 /* Debug */ = {
			isa = XCBuildConfiguration;
			buildSettings = {
				INFOPLIST_FILE = HeyouDemoUITests/Info.plist;
				LD_RUNPATH_SEARCH_PATHS = "$(inherited) @executable_path/Frameworks @loader_path/Frameworks";
				PRODUCT_BUNDLE_IDENTIFIER = com.etoledom.HeyouDemoUITests;
				PRODUCT_NAME = "$(TARGET_NAME)";
				SWIFT_SWIFT3_OBJC_INFERENCE = Off;
				SWIFT_VERSION = 4.0;
				TEST_TARGET_NAME = HeyouDemo;
			};
			name = Debug;
		};
		7E28F14E1D80B191007C0263 /* Release */ = {
			isa = XCBuildConfiguration;
			buildSettings = {
				INFOPLIST_FILE = HeyouDemoUITests/Info.plist;
				LD_RUNPATH_SEARCH_PATHS = "$(inherited) @executable_path/Frameworks @loader_path/Frameworks";
				PRODUCT_BUNDLE_IDENTIFIER = com.etoledom.HeyouDemoUITests;
				PRODUCT_NAME = "$(TARGET_NAME)";
				SWIFT_SWIFT3_OBJC_INFERENCE = Off;
				SWIFT_VERSION = 4.0;
				TEST_TARGET_NAME = HeyouDemo;
			};
			name = Release;
		};
/* End XCBuildConfiguration section */

/* Begin XCConfigurationList section */
		7E28F1191D80B191007C0263 /* Build configuration list for PBXProject "HeyouDemo" */ = {
			isa = XCConfigurationList;
			buildConfigurations = (
				7E28F1441D80B191007C0263 /* Debug */,
				7E28F1451D80B191007C0263 /* Release */,
			);
			defaultConfigurationIsVisible = 0;
			defaultConfigurationName = Release;
		};
		7E28F1461D80B191007C0263 /* Build configuration list for PBXNativeTarget "HeyouDemo" */ = {
			isa = XCConfigurationList;
			buildConfigurations = (
				7E28F1471D80B191007C0263 /* Debug */,
				7E28F1481D80B191007C0263 /* Release */,
			);
			defaultConfigurationIsVisible = 0;
			defaultConfigurationName = Release;
		};
		7E28F1491D80B191007C0263 /* Build configuration list for PBXNativeTarget "HeyouDemoTests" */ = {
			isa = XCConfigurationList;
			buildConfigurations = (
				7E28F14A1D80B191007C0263 /* Debug */,
				7E28F14B1D80B191007C0263 /* Release */,
			);
			defaultConfigurationIsVisible = 0;
			defaultConfigurationName = Release;
		};
		7E28F14C1D80B191007C0263 /* Build configuration list for PBXNativeTarget "HeyouDemoUITests" */ = {
			isa = XCConfigurationList;
			buildConfigurations = (
				7E28F14D1D80B191007C0263 /* Debug */,
				7E28F14E1D80B191007C0263 /* Release */,
			);
			defaultConfigurationIsVisible = 0;
			defaultConfigurationName = Release;
		};
/* End XCConfigurationList section */
	};
	rootObject = 7E28F1161D80B191007C0263 /* Project object */;
}
